
Microsoft Visual Studio Solution File, Format Version 12.00
Project("{FAE04EC0-301F-11D3-BF4B-00C04F79EFBC}") = "PausableTimers.Tests", "PausableTimers.Tests\PausableTimers.Tests.csproj", "{EB542648-4EF0-4574-B0A4-1E30F1DCFBA7}"
EndProject
Project("{FAE04EC0-301F-11D3-BF4B-00C04F79EFBC}") = "PausableTimers", "PausableTimers\PausableTimers.csproj", "{8ADDC8B0-6B52-4597-8C11-B4FF239CB456}"
EndProject
Global
	GlobalSection(SolutionConfigurationPlatforms) = preSolution
		Debug|Any CPU = Debug|Any CPU
		Release|Any CPU = Release|Any CPU
	EndGlobalSection
	GlobalSection(ProjectConfigurationPlatforms) = postSolution
		{EB542648-4EF0-4574-B0A4-1E30F1DCFBA7}.Debug|Any CPU.ActiveCfg = Debug|Any CPU
		{EB542648-4EF0-4574-B0A4-1E30F1DCFBA7}.Debug|Any CPU.Build.0 = Debug|Any CPU
		{EB542648-4EF0-4574-B0A4-1E30F1DCFBA7}.Release|Any CPU.ActiveCfg = Release|Any CPU
		{EB542648-4EF0-4574-B0A4-1E30F1DCFBA7}.Release|Any CPU.Build.0 = Release|Any CPU
		{8ADDC8B0-6B52-4597-8C11-B4FF239CB456}.Debug|Any CPU.ActiveCfg = Debug|Any CPU
		{8ADDC8B0-6B52-4597-8C11-B4FF239CB456}.Debug|Any CPU.Build.0 = Debug|Any CPU
		{8ADDC8B0-6B52-4597-8C11-B4FF239CB456}.Release|Any CPU.ActiveCfg = Release|Any CPU
		{8ADDC8B0-6B52-4597-8C11-B4FF239CB456}.Release|Any CPU.Build.0 = Release|Any CPU
	EndGlobalSection
EndGlobal
